{
  "version": 4,
  "terraform_version": "0.12.24",
  "serial": 4,
  "lineage": "98927712-c496-30d7-aaef-ef8965f4ebd4",
  "outputs": {},
  "resources": [
    {
      "mode": "managed",
      "type": "google_container_cluster",
      "name": "terraform-cluster",
      "provider": "provider.google",
      "instances": [
        {
          "schema_version": 1,
          "attributes": {
            "additional_zones": [],
            "addons_config": [
              {
                "horizontal_pod_autoscaling": [],
                "http_load_balancing": [],
                "kubernetes_dashboard": [],
                "network_policy_config": [
                  {
                    "disabled": true
                  }
                ]
              }
            ],
            "authenticator_groups_config": [],
            "cluster_autoscaling": [
              {
                "auto_provisioning_defaults": [],
                "enabled": false,
                "resource_limits": []
              }
            ],
            "cluster_ipv4_cidr": "10.20.0.0/14",
            "default_max_pods_per_node": 110,
            "description": "",
            "enable_binary_authorization": false,
            "enable_intranode_visibility": null,
            "enable_kubernetes_alpha": false,
            "enable_legacy_abac": false,
            "enable_tpu": null,
            "endpoint": "104.197.63.51",
            "id": "projects/docker-266910/locations/us-central1-c/clusters/terraform-cluster",
            "initial_node_count": 1,
            "instance_group_urls": [],
            "ip_allocation_policy": [],
            "label_fingerprint": "a9dc16a7",
            "location": "us-central1-c",
            "logging_service": "logging.googleapis.com/kubernetes",
            "maintenance_policy": [],
            "master_auth": [
              {
                "client_certificate": "",
                "client_certificate_config": [
                  {
                    "issue_client_certificate": false
                  }
                ],
                "client_key": "",
                "cluster_ca_certificate": "LS0tLS1CRUdJTiBDRVJUSUZJQ0FURS0tLS0tCk1JSURDekNDQWZPZ0F3SUJBZ0lRSitLWm5BdEdEekx1a21UMTN0eHV6akFOQmdrcWhraUc5dzBCQVFzRkFEQXYKTVMwd0t3WURWUVFERXlRMU1tUTFNMll4T0MwNU9UbG1MVFEzTm1VdFltWmpPQzB4TURReU1tVmtNRGN3TlRZdwpIaGNOTWpBd016STRNVFl6TmpBeVdoY05NalV3TXpJM01UY3pOakF5V2pBdk1TMHdLd1lEVlFRREV5UTFNbVExCk0yWXhPQzA1T1RsbUxUUTNObVV0WW1aak9DMHhNRFF5TW1Wa01EY3dOVFl3Z2dFaU1BMEdDU3FHU0liM0RRRUIKQVFVQUE0SUJEd0F3Z2dFS0FvSUJBUUNsc0N1VlpHQWdndnRyeEE3SnBoKzJFT0JUZkplU0RQMFRuK01SMXg0bQpxSDFqYjdETUNicmtITFNzUWpZOHNtV2RYdHozb01XT0pGajQyMWlmTXg4VjUva1RBVjNWVS9BRHNoMlRhM3VRCmx2b2VCM1NvOWZibkU5Ym9wWEgzc0JCSEFjS21ZZEk4WjQwMVZ2NEFxbWRhMkgzcTRvZ0RmMXc5dy9DcTlUaXIKOER3Q0Z3eXR2UE1YbklQOU96bHlta2JkNjUyNXBvVVdMTFFENkxuTG1UNEszQ1hsaG5IV2wyemlJVmQvb01FNQpZMHJ6UEt4eXliditwTzQxeFlJMkovaVRIYy9BbDVKNmI5MFhKSnN1NmJjWDRWTXhkNFVJRkhVTGlJV1dBemtSClVhK1FSOEM1aStMR1pYSmpCd2hZSVBSTXg4aWs4dGNSR1BQKzZ3OG5LVzVMQWdNQkFBR2pJekFoTUE0R0ExVWQKRHdFQi93UUVBd0lDQkRBUEJnTlZIUk1CQWY4RUJUQURBUUgvTUEwR0NTcUdTSWIzRFFFQkN3VUFBNElCQVFCcQpmVkg1cXg0aWMyVU9VTEYrbk5zSi9kYmRQQ05nVlVtMG1SVkFGMXZSR0hHdTVxTVZ3RitIaTdib0gzd0p3aW5SClB3TmFtZExWT0k4ZDVXYVdZU1lJRm9JYzJ1UjJTcG5rVzhJOFlHNVFrUFJPeFQrSTlvQlp0RjIrWW8rZW1GeHgKSEFnOHErZG1ZbFEzRlRMc0ozWmdzbzNDek4wcTl6UlZZbTBiWFBnWktOc09UY3RlZEVmelF4cWRha3BKQ0lhMgpSQndoVmZha0ZLQ201RnRuUE5hb0ZxcDNIQytxcjNoWWpzWUYzemFmOXRBbE91dy8vWDNZYmMwOVcvZ0M3aTE1CmJLNG9WdzZKbzFBb1JpcDU2MVROWDl6dy9Ca3Z0M010SURuem85TW1jajRnZjR0MEZXdmdhYmEwSk9aQ01pVlMKbFN3TXJteE1SdW9ZNkYvOTVmQ1oKLS0tLS1FTkQgQ0VSVElGSUNBVEUtLS0tLQo=",
                "password": "",
                "username": ""
              }
            ],
            "master_authorized_networks_config": [],
            "master_version": "1.14.10-gke.24",
            "min_master_version": null,
            "monitoring_service": "monitoring.googleapis.com/kubernetes",
            "name": "terraform-cluster",
            "network": "projects/docker-266910/global/networks/default",
            "network_policy": [
              {
                "enabled": false,
                "provider": "PROVIDER_UNSPECIFIED"
              }
            ],
            "node_config": [],
            "node_locations": [],
            "node_pool": [],
            "node_version": "1.14.10-gke.24",
            "operation": null,
            "pod_security_policy_config": null,
            "private_cluster_config": [],
            "project": "docker-266910",
            "region": null,
            "remove_default_node_pool": true,
            "resource_labels": null,
            "services_ipv4_cidr": "10.23.240.0/20",
            "subnetwork": "projects/docker-266910/regions/us-central1/subnetworks/default",
            "timeouts": null,
            "vertical_pod_autoscaling": [],
            "zone": null
          },
          "private": "eyJlMmJmYjczMC1lY2FhLTExZTYtOGY4OC0zNDM2M2JjN2M0YzAiOnsiY3JlYXRlIjoyNDAwMDAwMDAwMDAwLCJkZWxldGUiOjI0MDAwMDAwMDAwMDAsInVwZGF0ZSI6MzYwMDAwMDAwMDAwMH0sInNjaGVtYV92ZXJzaW9uIjoiMSJ9"
        }
      ]
    },
    {
      "mode": "managed",
      "type": "google_container_node_pool",
      "name": "primary_nodes",
      "provider": "provider.google",
      "instances": [
        {
          "schema_version": 1,
          "attributes": {
            "autoscaling": [],
            "cluster": "terraform-cluster",
            "id": "projects/docker-266910/locations/us-central1-c/clusters/terraform-cluster/nodePools/my-node-pool",
            "initial_node_count": 3,
            "instance_group_urls": [
              "https://www.googleapis.com/compute/v1/projects/docker-266910/zones/us-central1-c/instanceGroupManagers/gke-terraform-cluster-my-node-pool-be113181-grp"
            ],
            "location": "us-central1-c",
            "management": [
              {
                "auto_repair": false,
                "auto_upgrade": true
              }
            ],
            "max_pods_per_node": null,
            "name": "my-node-pool",
            "name_prefix": "",
            "node_config": [
              {
                "disk_size_gb": 20,
                "disk_type": "pd-standard",
                "guest_accelerator": [],
                "image_type": "COS",
                "labels": {},
                "local_ssd_count": 0,
                "machine_type": "n1-standard-1",
                "metadata": {
                  "disable-legacy-endpoints": "true"
                },
                "min_cpu_platform": "",
                "oauth_scopes": [
                  "https://www.googleapis.com/auth/logging.write",
                  "https://www.googleapis.com/auth/monitoring"
                ],
                "preemptible": true,
                "sandbox_config": [],
                "service_account": "default",
                "shielded_instance_config": [
                  {
                    "enable_integrity_monitoring": true,
                    "enable_secure_boot": false
                  }
                ],
                "tags": null,
                "taint": [],
                "workload_metadata_config": []
              }
            ],
            "node_count": 3,
            "project": "docker-266910",
            "region": null,
            "timeouts": null,
            "upgrade_settings": null,
            "version": "1.14.10-gke.24",
            "zone": null
          },
          "private": "eyJlMmJmYjczMC1lY2FhLTExZTYtOGY4OC0zNDM2M2JjN2M0YzAiOnsiY3JlYXRlIjoxODAwMDAwMDAwMDAwLCJkZWxldGUiOjE4MDAwMDAwMDAwMDAsInVwZGF0ZSI6MTgwMDAwMDAwMDAwMH0sInNjaGVtYV92ZXJzaW9uIjoiMSJ9",
          "dependencies": [
            "google_container_cluster.terraform-cluster"
          ]
        }
      ]
    }
  ]
}
